
Microsoft Visual Studio Solution File, Format Version 12.00
# Visual Studio 15
VisualStudioVersion = 15.0.26014.0
MinimumVisualStudioVersion = 10.0.40219.1
Project("{FAE04EC0-301F-11D3-BF4B-00C04F79EFBC}") = "VCS-Analyzer", "VCS-Analyzer\VCS-Analyzer.csproj", "{6ACEC748-7CAC-4054-AF01-8D99986D4AC4}"
EndProject
Project("{FAE04EC0-301F-11D3-BF4B-00C04F79EFBC}") = "CLI", "CLI\CLI.csproj", "{695FD2B0-47CD-4E5B-B184-1376A95C793F}"
EndProject
Project("{2150E333-8FDC-42A3-9474-1A3956D46DE8}") = "Solution Items", "Solution Items", "{F2698617-3F1E-424F-949C-E38B2C2CAD61}"
	ProjectSection(SolutionItems) = preProject
		App.config = App.config
	EndProjectSection
EndProject
Global
	GlobalSection(SolutionConfigurationPlatforms) = preSolution
		Debug|Any CPU = Debug|Any CPU
		Release|Any CPU = Release|Any CPU
	EndGlobalSection
	GlobalSection(ProjectConfigurationPlatforms) = postSolution
		{6ACEC748-7CAC-4054-AF01-8D99986D4AC4}.Debug|Any CPU.ActiveCfg = Debug|Any CPU
		{6ACEC748-7CAC-4054-AF01-8D99986D4AC4}.Debug|Any CPU.Build.0 = Debug|Any CPU
		{6ACEC748-7CAC-4054-AF01-8D99986D4AC4}.Release|Any CPU.ActiveCfg = Release|Any CPU
		{6ACEC748-7CAC-4054-AF01-8D99986D4AC4}.Release|Any CPU.Build.0 = Release|Any CPU
		{695FD2B0-47CD-4E5B-B184-1376A95C793F}.Debug|Any CPU.ActiveCfg = Debug|Any CPU
		{695FD2B0-47CD-4E5B-B184-1376A95C793F}.Debug|Any CPU.Build.0 = Debug|Any CPU
		{695FD2B0-47CD-4E5B-B184-1376A95C793F}.Release|Any CPU.ActiveCfg = Release|Any CPU
		{695FD2B0-47CD-4E5B-B184-1376A95C793F}.Release|Any CPU.Build.0 = Release|Any CPU
	EndGlobalSection
	GlobalSection(SolutionProperties) = preSolution
		HideSolutionNode = FALSE
	EndGlobalSection
EndGlobal
